
Microsoft Visual Studio Solution File, Format Version 12.00
# Visual Studio Version 16
VisualStudioVersion = 16.0.31729.503
MinimumVisualStudioVersion = 10.0.40219.1
Project("{9A19103F-16F7-4668-BE54-9A1E7A4F7556}") = "PoGoPassCalculator", "PoGoPassCalculator\PoGoPassCalculator.csproj", "{2AAEE577-B9CE-41F1-AE5F-8B592EBE939B}"
EndProject
Project("{9A19103F-16F7-4668-BE54-9A1E7A4F7556}") = "CalculatorTest", "CalculatorTest\CalculatorTest.csproj", "{54C77E00-9F2A-4943-96EE-2D1B63CDAB33}"
EndProject
Global
	GlobalSection(SolutionConfigurationPlatforms) = preSolution
		Debug|Any CPU = Debug|Any CPU
		Release|Any CPU = Release|Any CPU
	EndGlobalSection
	GlobalSection(ProjectConfigurationPlatforms) = postSolution
		{2AAEE577-B9CE-41F1-AE5F-8B592EBE939B}.Debug|Any CPU.ActiveCfg = Debug|Any CPU
		{2AAEE577-B9CE-41F1-AE5F-8B592EBE939B}.Debug|Any CPU.Build.0 = Debug|Any CPU
		{2AAEE577-B9CE-41F1-AE5F-8B592EBE939B}.Release|Any CPU.ActiveCfg = Release|Any CPU
		{2AAEE577-B9CE-41F1-AE5F-8B592EBE939B}.Release|Any CPU.Build.0 = Release|Any CPU
		{54C77E00-9F2A-4943-96EE-2D1B63CDAB33}.Debug|Any CPU.ActiveCfg = Debug|Any CPU
		{54C77E00-9F2A-4943-96EE-2D1B63CDAB33}.Debug|Any CPU.Build.0 = Debug|Any CPU
		{54C77E00-9F2A-4943-96EE-2D1B63CDAB33}.Release|Any CPU.ActiveCfg = Release|Any CPU
		{54C77E00-9F2A-4943-96EE-2D1B63CDAB33}.Release|Any CPU.Build.0 = Release|Any CPU
	EndGlobalSection
	GlobalSection(SolutionProperties) = preSolution
		HideSolutionNode = FALSE
	EndGlobalSection
	GlobalSection(ExtensibilityGlobals) = postSolution
		SolutionGuid = {88B093D8-8F2F-4801-BDD4-2BBCC9CDF7A2}
	EndGlobalSection
EndGlobal
